
Microsoft Visual Studio Solution File, Format Version 12.00
# Visual Studio Version 17
VisualStudioVersion = 17.5.33627.172
MinimumVisualStudioVersion = 10.0.40219.1
Project("{9A19103F-16F7-4668-BE54-9A1E7A4F7556}") = "CatManagementProject", "CatManagementProject\CatManagementProject.csproj", "{B8C684ED-BDCD-4148-ADCB-3BA5289990C7}"
EndProject
Project("{9A19103F-16F7-4668-BE54-9A1E7A4F7556}") = "Services", "Services\Services.csproj", "{247E2FAC-4363-4CB7-B5DA-CC904A3348F6}"
EndProject
Project("{FAE04EC0-301F-11D3-BF4B-00C04F79EFBC}") = "CatManagementProject.UnitTests", "CatManagementProject.UnitTests\CatManagementProject.UnitTests.csproj", "{870125EC-AE74-49A7-9BB0-060C74BB1181}"
EndProject
Global
	GlobalSection(SolutionConfigurationPlatforms) = preSolution
		Debug|Any CPU = Debug|Any CPU
		Release|Any CPU = Release|Any CPU
	EndGlobalSection
	GlobalSection(ProjectConfigurationPlatforms) = postSolution
		{B8C684ED-BDCD-4148-ADCB-3BA5289990C7}.Debug|Any CPU.ActiveCfg = Debug|Any CPU
		{B8C684ED-BDCD-4148-ADCB-3BA5289990C7}.Debug|Any CPU.Build.0 = Debug|Any CPU
		{B8C684ED-BDCD-4148-ADCB-3BA5289990C7}.Release|Any CPU.ActiveCfg = Release|Any CPU
		{B8C684ED-BDCD-4148-ADCB-3BA5289990C7}.Release|Any CPU.Build.0 = Release|Any CPU
		{247E2FAC-4363-4CB7-B5DA-CC904A3348F6}.Debug|Any CPU.ActiveCfg = Debug|Any CPU
		{247E2FAC-4363-4CB7-B5DA-CC904A3348F6}.Debug|Any CPU.Build.0 = Debug|Any CPU
		{247E2FAC-4363-4CB7-B5DA-CC904A3348F6}.Release|Any CPU.ActiveCfg = Release|Any CPU
		{247E2FAC-4363-4CB7-B5DA-CC904A3348F6}.Release|Any CPU.Build.0 = Release|Any CPU
		{870125EC-AE74-49A7-9BB0-060C74BB1181}.Debug|Any CPU.ActiveCfg = Debug|Any CPU
		{870125EC-AE74-49A7-9BB0-060C74BB1181}.Debug|Any CPU.Build.0 = Debug|Any CPU
		{870125EC-AE74-49A7-9BB0-060C74BB1181}.Release|Any CPU.ActiveCfg = Release|Any CPU
		{870125EC-AE74-49A7-9BB0-060C74BB1181}.Release|Any CPU.Build.0 = Release|Any CPU
	EndGlobalSection
	GlobalSection(SolutionProperties) = preSolution
		HideSolutionNode = FALSE
	EndGlobalSection
	GlobalSection(ExtensibilityGlobals) = postSolution
		SolutionGuid = {B0AFB790-8A68-4256-BD56-CF62C5411257}
	EndGlobalSection
EndGlobal
